<Solution>
  <Folder Name="/src/">
    <Project Path="src/Wyrmwatch.Agent/Wyrmwatch.Agent.csproj" />
    <Project Path="src/Wyrmwatch.Core/Wyrmwatch.Core.csproj" />
    <Project Path="src/Wyrmwatch.Signal/Wyrmwatch.Signal.csproj" />
    <Project Path="src/Wyrmwatch.Platform/Wyrmwatch.Platform.csproj" />
    <Project Path="src/Wyrmwatch.Desktop/Wyrmwatch.Desktop.csproj" />
  </Folder>
  <Folder Name="/tests/">
    <Project Path="tests/Wyrmwatch.Core.Tests/Wyrmwatch.Core.Tests.csproj" />
    <Project Path="tests/FixtureServer/FixtureServer.csproj" />
    <Project Path="tests/Wyrmwatch.Desktop.Tests/Wyrmwatch.Desktop.Tests.csproj" />
  </Folder>
</Solution>
